
Microsoft Visual Studio Solution File, Format Version 12.00
# Visual Studio 2012
Project("{FAE04EC0-301F-11D3-BF4B-00C04F79EFBC}") = "LAB5_P", "LAB5_P\LAB5_P.csproj", "{A226DC86-83FE-4DE1-8F9D-B3B5096200C2}"
EndProject
Global
	GlobalSection(SolutionConfigurationPlatforms) = preSolution
		Debug|Any CPU = Debug|Any CPU
		Release|Any CPU = Release|Any CPU
	EndGlobalSection
	GlobalSection(ProjectConfigurationPlatforms) = postSolution
		{A226DC86-83FE-4DE1-8F9D-B3B5096200C2}.Debug|Any CPU.ActiveCfg = Debug|Any CPU
		{A226DC86-83FE-4DE1-8F9D-B3B5096200C2}.Debug|Any CPU.Build.0 = Debug|Any CPU
		{A226DC86-83FE-4DE1-8F9D-B3B5096200C2}.Release|Any CPU.ActiveCfg = Release|Any CPU
		{A226DC86-83FE-4DE1-8F9D-B3B5096200C2}.Release|Any CPU.Build.0 = Release|Any CPU
	EndGlobalSection
	GlobalSection(SolutionProperties) = preSolution
		HideSolutionNode = FALSE
	EndGlobalSection
EndGlobal
